
Microsoft Visual Studio Solution File, Format Version 12.00
# Visual Studio 15
Project("{FAE04EC0-301F-11D3-BF4B-00C04F79EFBC}") = "Assembly-CSharp", "Assembly-CSharp.csproj", "{2291BBE9-E2F8-BBE2-5DEF-6431E5C95E5F}"
EndProject
Project("{FAE04EC0-301F-11D3-BF4B-00C04F79EFBC}") = "ShapesRuntime", "ShapesRuntime.csproj", "{CC901884-4BF7-451C-778C-78DB376ADC50}"
EndProject
Project("{FAE04EC0-301F-11D3-BF4B-00C04F79EFBC}") = "ShapesEditor", "ShapesEditor.csproj", "{C68C84BF-5414-576F-EB7E-1F78A2903B76}"
EndProject
Project("{FAE04EC0-301F-11D3-BF4B-00C04F79EFBC}") = "Assembly-CSharp-Editor", "Assembly-CSharp-Editor.csproj", "{34CAF87B-6AA4-6D4F-4461-2519E0BF1BD4}"
EndProject
Global
	GlobalSection(SolutionConfigurationPlatforms) = preSolution
		Debug|Any CPU = Debug|Any CPU
		Release|Any CPU = Release|Any CPU
	EndGlobalSection
	GlobalSection(ProjectConfigurationPlatforms) = postSolution
		{2291BBE9-E2F8-BBE2-5DEF-6431E5C95E5F}.Debug|Any CPU.ActiveCfg = Debug|Any CPU
		{2291BBE9-E2F8-BBE2-5DEF-6431E5C95E5F}.Debug|Any CPU.Build.0 = Debug|Any CPU
		{2291BBE9-E2F8-BBE2-5DEF-6431E5C95E5F}.Release|Any CPU.ActiveCfg = Release|Any CPU
		{2291BBE9-E2F8-BBE2-5DEF-6431E5C95E5F}.Release|Any CPU.Build.0 = Release|Any CPU
		{CC901884-4BF7-451C-778C-78DB376ADC50}.Debug|Any CPU.ActiveCfg = Debug|Any CPU
		{CC901884-4BF7-451C-778C-78DB376ADC50}.Debug|Any CPU.Build.0 = Debug|Any CPU
		{CC901884-4BF7-451C-778C-78DB376ADC50}.Release|Any CPU.ActiveCfg = Release|Any CPU
		{CC901884-4BF7-451C-778C-78DB376ADC50}.Release|Any CPU.Build.0 = Release|Any CPU
		{C68C84BF-5414-576F-EB7E-1F78A2903B76}.Debug|Any CPU.ActiveCfg = Debug|Any CPU
		{C68C84BF-5414-576F-EB7E-1F78A2903B76}.Debug|Any CPU.Build.0 = Debug|Any CPU
		{C68C84BF-5414-576F-EB7E-1F78A2903B76}.Release|Any CPU.ActiveCfg = Release|Any CPU
		{C68C84BF-5414-576F-EB7E-1F78A2903B76}.Release|Any CPU.Build.0 = Release|Any CPU
		{34CAF87B-6AA4-6D4F-4461-2519E0BF1BD4}.Debug|Any CPU.ActiveCfg = Debug|Any CPU
		{34CAF87B-6AA4-6D4F-4461-2519E0BF1BD4}.Debug|Any CPU.Build.0 = Debug|Any CPU
		{34CAF87B-6AA4-6D4F-4461-2519E0BF1BD4}.Release|Any CPU.ActiveCfg = Release|Any CPU
		{34CAF87B-6AA4-6D4F-4461-2519E0BF1BD4}.Release|Any CPU.Build.0 = Release|Any CPU
	EndGlobalSection
	GlobalSection(SolutionProperties) = preSolution
		HideSolutionNode = FALSE
	EndGlobalSection
EndGlobal
